// !$*UTF8*$!
{
	archiveVersion = 1;
	classes = {
	};
	objectVersion = 46;
	objects = {

/* Begin PBXBuildFile section */
		12767C451C33AEA100193645 /* AppDelegate.swift in Sources */ = {isa = PBXBuildFile; fileRef = 12767C441C33AEA100193645 /* AppDelegate.swift */; };
		12767C4A1C33AEA100193645 /* Main.storyboard in Resources */ = {isa = PBXBuildFile; fileRef = 12767C481C33AEA100193645 /* Main.storyboard */; };
		12767C4C1C33AEA200193645 /* Assets.xcassets in Resources */ = {isa = PBXBuildFile; fileRef = 12767C4B1C33AEA200193645 /* Assets.xcassets */; };
		12767C4F1C33AEA200193645 /* LaunchScreen.storyboard in Resources */ = {isa = PBXBuildFile; fileRef = 12767C4D1C33AEA200193645 /* LaunchScreen.storyboard */; };
		12767C5E1C33AEB200193645 /* RainbowNavigation.h in Headers */ = {isa = PBXBuildFile; fileRef = 12767C5D1C33AEB200193645 /* RainbowNavigation.h */; settings = {ATTRIBUTES = (Public, ); }; };
		12767C621C33AEB200193645 /* RainbowNavigation.framework in Frameworks */ = {isa = PBXBuildFile; fileRef = 12767C5B1C33AEB200193645 /* RainbowNavigation.framework */; };
		12767C631C33AEB200193645 /* RainbowNavigation.framework in Embed Frameworks */ = {isa = PBXBuildFile; fileRef = 12767C5B1C33AEB200193645 /* RainbowNavigation.framework */; settings = {ATTRIBUTES = (CodeSignOnCopy, RemoveHeadersOnCopy, ); }; };
		12767C6E1C33AF4300193645 /* RainbowColorSource.swift in Sources */ = {isa = PBXBuildFile; fileRef = 12767C681C33AF4300193645 /* RainbowColorSource.swift */; };
		12767C6F1C33AF4300193645 /* RainbowDragPop.swift in Sources */ = {isa = PBXBuildFile; fileRef = 12767C691C33AF4300193645 /* RainbowDragPop.swift */; };
		12767C701C33AF4300193645 /* RainbowNavigation.swift in Sources */ = {isa = PBXBuildFile; fileRef = 12767C6A1C33AF4300193645 /* RainbowNavigation.swift */; };
		12767C711C33AF4300193645 /* RainbowPopAnimator.swift in Sources */ = {isa = PBXBuildFile; fileRef = 12767C6B1C33AF4300193645 /* RainbowPopAnimator.swift */; };
		12767C721C33AF4300193645 /* RainbowPushAnimator.swift in Sources */ = {isa = PBXBuildFile; fileRef = 12767C6C1C33AF4300193645 /* RainbowPushAnimator.swift */; };
		12767C731C33AF4300193645 /* UINavigationBar+Rainbow.swift in Sources */ = {isa = PBXBuildFile; fileRef = 12767C6D1C33AF4300193645 /* UINavigationBar+Rainbow.swift */; };
		12767C751C33B3AA00193645 /* MainTableViewController.swift in Sources */ = {isa = PBXBuildFile; fileRef = 12767C741C33B3AA00193645 /* MainTableViewController.swift */; };
		12767C771C33B3B300193645 /* ColorTableViewController.swift in Sources */ = {isa = PBXBuildFile; fileRef = 12767C761C33B3B300193645 /* ColorTableViewController.swift */; };
		12767C791C33B3BE00193645 /* TransparentTableViewController.swift in Sources */ = {isa = PBXBuildFile; fileRef = 12767C781C33B3BE00193645 /* TransparentTableViewController.swift */; };
/* End PBXBuildFile section */

/* Begin PBXContainerItemProxy section */
		12767C601C33AEB200193645 /* PBXContainerItemProxy */ = {
			isa = PBXContainerItemProxy;
			containerPortal = 12767C391C33AEA100193645 /* Project object */;
			proxyType = 1;
			remoteGlobalIDString = 12767C5A1C33AEB200193645;
			remoteInfo = RainbowNavigation;
		};
/* End PBXContainerItemProxy section */

/* Begin PBXCopyFilesBuildPhase section */
		12767C671C33AEB200193645 /* Embed Frameworks */ = {
			isa = PBXCopyFilesBuildPhase;
			buildActionMask = 2147483647;
			dstPath = "";
			dstSubfolderSpec = 10;
			files = (
				12767C631C33AEB200193645 /* RainbowNavigation.framework in Embed Frameworks */,
			);
			name = "Embed Frameworks";
			runOnlyForDeploymentPostprocessing = 0;
		};
/* End PBXCopyFilesBuildPhase section */

/* Begin PBXFileReference section */
		12767C411C33AEA100193645 /* RainbowNavigationSample.app */ = {isa = PBXFileReference; explicitFileType = wrapper.application; includeInIndex = 0; path = RainbowNavigationSample.app; sourceTree = BUILT_PRODUCTS_DIR; };
		12767C441C33AEA100193645 /* AppDelegate.swift */ = {isa = PBXFileReference; lastKnownFileType = sourcecode.swift; path = AppDelegate.swift; sourceTree = "<group>"; };
		12767C491C33AEA100193645 /* Base */ = {isa = PBXFileReference; lastKnownFileType = file.storyboard; name = Base; path = Base.lproj/Main.storyboard; sourceTree = "<group>"; };
		12767C4B1C33AEA200193645 /* Assets.xcassets */ = {isa = PBXFileReference; lastKnownFileType = folder.assetcatalog; path = Assets.xcassets; sourceTree = "<group>"; };
		12767C4E1C33AEA200193645 /* Base */ = {isa = PBXFileReference; lastKnownFileType = file.storyboard; name = Base; path = Base.lproj/LaunchScreen.storyboard; sourceTree = "<group>"; };
		12767C501C33AEA200193645 /* Info.plist */ = {isa = PBXFileReference; lastKnownFileType = text.plist.xml; path = Info.plist; sourceTree = "<group>"; };
		12767C5B1C33AEB200193645 /* RainbowNavigation.framework */ = {isa = PBXFileReference; explicitFileType = wrapper.framework; includeInIndex = 0; path = RainbowNavigation.framework; sourceTree = BUILT_PRODUCTS_DIR; };
		12767C5D1C33AEB200193645 /* RainbowNavigation.h */ = {isa = PBXFileReference; lastKnownFileType = sourcecode.c.h; path = RainbowNavigation.h; sourceTree = "<group>"; };
		12767C5F1C33AEB200193645 /* Info.plist */ = {isa = PBXFileReference; lastKnownFileType = text.plist.xml; path = Info.plist; sourceTree = "<group>"; };
		12767C681C33AF4300193645 /* RainbowColorSource.swift */ = {isa = PBXFileReference; fileEncoding = 4; lastKnownFileType = sourcecode.swift; path = RainbowColorSource.swift; sourceTree = "<group>"; };
		12767C691C33AF4300193645 /* RainbowDragPop.swift */ = {isa = PBXFileReference; fileEncoding = 4; lastKnownFileType = sourcecode.swift; path = RainbowDragPop.swift; sourceTree = "<group>"; };
		12767C6A1C33AF4300193645 /* RainbowNavigation.swift */ = {isa = PBXFileReference; fileEncoding = 4; lastKnownFileType = sourcecode.swift; path = RainbowNavigation.swift; sourceTree = "<group>"; };
		12767C6B1C33AF4300193645 /* RainbowPopAnimator.swift */ = {isa = PBXFileReference; fileEncoding = 4; lastKnownFileType = sourcecode.swift; path = RainbowPopAnimator.swift; sourceTree = "<group>"; };
		12767C6C1C33AF4300193645 /* RainbowPushAnimator.swift */ = {isa = PBXFileReference; fileEncoding = 4; lastKnownFileType = sourcecode.swift; path = RainbowPushAnimator.swift; sourceTree = "<group>"; };
		12767C6D1C33AF4300193645 /* UINavigationBar+Rainbow.swift */ = {isa = PBXFileReference; fileEncoding = 4; lastKnownFileType = sourcecode.swift; path = "UINavigationBar+Rainbow.swift"; sourceTree = "<group>"; };
		12767C741C33B3AA00193645 /* MainTableViewController.swift */ = {isa = PBXFileReference; fileEncoding = 4; lastKnownFileType = sourcecode.swift; path = MainTableViewController.swift; sourceTree = "<group>"; };
		12767C761C33B3B300193645 /* ColorTableViewController.swift */ = {isa = PBXFileReference; fileEncoding = 4; lastKnownFileType = sourcecode.swift; path = ColorTableViewController.swift; sourceTree = "<group>"; };
		12767C781C33B3BE00193645 /* TransparentTableViewController.swift */ = {isa = PBXFileReference; fileEncoding = 4; lastKnownFileType = sourcecode.swift; path = TransparentTableViewController.swift; sourceTree = "<group>"; };
/* End PBXFileReference section */

/* Begin PBXFrameworksBuildPhase section */
		12767C3E1C33AEA100193645 /* Frameworks */ = {
			isa = PBXFrameworksBuildPhase;
			buildActionMask = 2147483647;
			files = (
				12767C621C33AEB200193645 /* RainbowNavigation.framework in Frameworks */,
			);
			runOnlyForDeploymentPostprocessing = 0;
		};
		12767C571C33AEB200193645 /* Frameworks */ = {
			isa = PBXFrameworksBuildPhase;
			buildActionMask = 2147483647;
			files = (
			);
			runOnlyForDeploymentPostprocessing = 0;
		};
/* End PBXFrameworksBuildPhase section */

/* Begin PBXGroup section */
		12767C381C33AEA100193645 = {
			isa = PBXGroup;
			children = (
				12767C431C33AEA100193645 /* RainbowNavigationSample */,
				12767C5C1C33AEB200193645 /* RainbowNavigation */,
				12767C421C33AEA100193645 /* Products */,
			);
			sourceTree = "<group>";
		};
		12767C421C33AEA100193645 /* Products */ = {
			isa = PBXGroup;
			children = (
				12767C411C33AEA100193645 /* RainbowNavigationSample.app */,
				12767C5B1C33AEB200193645 /* RainbowNavigation.framework */,
			);
			name = Products;
			sourceTree = "<group>";
		};
		12767C431C33AEA100193645 /* RainbowNavigationSample */ = {
			isa = PBXGroup;
			children = (
				12767C441C33AEA100193645 /* AppDelegate.swift */,
				12767C741C33B3AA00193645 /* MainTableViewController.swift */,
				12767C761C33B3B300193645 /* ColorTableViewController.swift */,
				12767C781C33B3BE00193645 /* TransparentTableViewController.swift */,
				12767C481C33AEA100193645 /* Main.storyboard */,
				12767C4B1C33AEA200193645 /* Assets.xcassets */,
				12767C4D1C33AEA200193645 /* LaunchScreen.storyboard */,
				12767C501C33AEA200193645 /* Info.plist */,
			);
			path = RainbowNavigationSample;
			sourceTree = "<group>";
		};
		12767C5C1C33AEB200193645 /* RainbowNavigation */ = {
			isa = PBXGroup;
			children = (
				12767C681C33AF4300193645 /* RainbowColorSource.swift */,
				12767C691C33AF4300193645 /* RainbowDragPop.swift */,
				12767C6A1C33AF4300193645 /* RainbowNavigation.swift */,
				12767C6B1C33AF4300193645 /* RainbowPopAnimator.swift */,
				12767C6C1C33AF4300193645 /* RainbowPushAnimator.swift */,
				12767C6D1C33AF4300193645 /* UINavigationBar+Rainbow.swift */,
				12767C5D1C33AEB200193645 /* RainbowNavigation.h */,
				12767C5F1C33AEB200193645 /* Info.plist */,
			);
			path = RainbowNavigation;
			sourceTree = "<group>";
		};
/* End PBXGroup section */

/* Begin PBXHeadersBuildPhase section */
		12767C581C33AEB200193645 /* Headers */ = {
			isa = PBXHeadersBuildPhase;
			buildActionMask = 2147483647;
			files = (
				12767C5E1C33AEB200193645 /* RainbowNavigation.h in Headers */,
			);
			runOnlyForDeploymentPostprocessing = 0;
		};
/* End PBXHeadersBuildPhase section */

/* Begin PBXNativeTarget section */
		12767C401C33AEA100193645 /* RainbowNavigationSample */ = {
			isa = PBXNativeTarget;
			buildConfigurationList = 12767C531C33AEA200193645 /* Build configuration list for PBXNativeTarget "RainbowNavigationSample" */;
			buildPhases = (
				12767C3D1C33AEA100193645 /* Sources */,
				12767C3E1C33AEA100193645 /* Frameworks */,
				12767C3F1C33AEA100193645 /* Resources */,
				12767C671C33AEB200193645 /* Embed Frameworks */,
			);
			buildRules = (
			);
			dependencies = (
				12767C611C33AEB200193645 /* PBXTargetDependency */,
			);
			name = RainbowNavigationSample;
			productName = RainbowNavigationSample;
			productReference = 12767C411C33AEA100193645 /* RainbowNavigationSample.app */;
			productType = "com.apple.product-type.application";
		};
		12767C5A1C33AEB200193645 /* RainbowNavigation */ = {
			isa = PBXNativeTarget;
			buildConfigurationList = 12767C641C33AEB200193645 /* Build configuration list for PBXNativeTarget "RainbowNavigation" */;
			buildPhases = (
				12767C561C33AEB200193645 /* Sources */,
				12767C571C33AEB200193645 /* Frameworks */,
				12767C581C33AEB200193645 /* Headers */,
				12767C591C33AEB200193645 /* Resources */,
			);
			buildRules = (
			);
			dependencies = (
			);
			name = RainbowNavigation;
			productName = RainbowNavigation;
			productReference = 12767C5B1C33AEB200193645 /* RainbowNavigation.framework */;
			productType = "com.apple.product-type.framework";
		};
/* End PBXNativeTarget section */

/* Begin PBXProject section */
		12767C391C33AEA100193645 /* Project object */ = {
			isa = PBXProject;
			attributes = {
				LastSwiftUpdateCheck = 0720;
				LastUpgradeCheck = 0810;
				ORGANIZATIONNAME = danis;
				TargetAttributes = {
					12767C401C33AEA100193645 = {
						CreatedOnToolsVersion = 7.2;
						DevelopmentTeam = D65DK9X9W4;
					};
					12767C5A1C33AEB200193645 = {
						CreatedOnToolsVersion = 7.2;
						LastSwiftMigration = 0810;
					};
				};
			};
			buildConfigurationList = 12767C3C1C33AEA100193645 /* Build configuration list for PBXProject "RainbowNavigationSample" */;
			compatibilityVersion = "Xcode 3.2";
			developmentRegion = English;
			hasScannedForEncodings = 0;
			knownRegions = (
				English,
				en,
				Base,
			);
			mainGroup = 12767C381C33AEA100193645;
			productRefGroup = 12767C421C33AEA100193645 /* Products */;
			projectDirPath = "";
			projectRoot = "";
			targets = (
				12767C401C33AEA100193645 /* RainbowNavigationSample */,
				12767C5A1C33AEB200193645 /* RainbowNavigation */,
			);
		};
/* End PBXProject section */

/* Begin PBXResourcesBuildPhase section */
		12767C3F1C33AEA100193645 /* Resources */ = {
			isa = PBXResourcesBuildPhase;
			buildActionMask = 2147483647;
			files = (
				12767C4F1C33AEA200193645 /* LaunchScreen.storyboard in Resources */,
				12767C4C1C33AEA200193645 /* Assets.xcassets in Resources */,
				12767C4A1C33AEA100193645 /* Main.storyboard in Resources */,
			);
			runOnlyForDeploymentPostprocessing = 0;
		};
		12767C591C33AEB200193645 /* Resources */ = {
			isa = PBXResourcesBuildPhase;
			buildActionMask = 2147483647;
			files = (
			);
			runOnlyForDeploymentPostprocessing = 0;
		};
/* End PBXResourcesBuildPhase section */

/* Begin PBXSourcesBuildPhase section */
		12767C3D1C33AEA100193645 /* Sources */ = {
			isa = PBXSourcesBuildPhase;
			buildActionMask = 2147483647;
			files = (
				12767C791C33B3BE00193645 /* TransparentTableViewController.swift in Sources */,
				12767C751C33B3AA00193645 /* MainTableViewController.swift in Sources */,
				12767C771C33B3B300193645 /* ColorTableViewController.swift in Sources */,
				12767C451C33AEA100193645 /* AppDelegate.swift in Sources */,
			);
			runOnlyForDeploymentPostprocessing = 0;
		};
		12767C561C33AEB200193645 /* Sources */ = {
			isa = PBXSourcesBuildPhase;
			buildActionMask = 2147483647;
			files = (
				12767C6F1C33AF4300193645 /* RainbowDragPop.swift in Sources */,
				12767C711C33AF4300193645 /* RainbowPopAnimator.swift in Sources */,
				12767C6E1C33AF4300193645 /* RainbowColorSource.swift in Sources */,
				12767C701C33AF4300193645 /* RainbowNavigation.swift in Sources */,
				12767C731C33AF4300193645 /* UINavigationBar+Rainbow.swift in Sources */,
				12767C721C33AF4300193645 /* RainbowPushAnimator.swift in Sources */,
			);
			runOnlyForDeploymentPostprocessing = 0;
		};
/* End PBXSourcesBuildPhase section */

/* Begin PBXTargetDependency section */
		12767C611C33AEB200193645 /* PBXTargetDependency */ = {
			isa = PBXTargetDependency;
			target = 12767C5A1C33AEB200193645 /* RainbowNavigation */;
			targetProxy = 12767C601C33AEB200193645 /* PBXContainerItemProxy */;
		};
/* End PBXTargetDependency section */

/* Begin PBXVariantGroup section */
		12767C481C33AEA100193645 /* Main.storyboard */ = {
			isa = PBXVariantGroup;
			children = (
				12767C491C33AEA100193645 /* Base */,
			);
			name = Main.storyboard;
			sourceTree = "<group>";
		};
		12767C4D1C33AEA200193645 /* LaunchScreen.storyboard */ = {
			isa = PBXVariantGroup;
			children = (
				12767C4E1C33AEA200193645 /* Base */,
			);
			name = LaunchScreen.storyboard;
			sourceTree = "<group>";
		};
/* End PBXVariantGroup section */

/* Begin XCBuildConfiguration section */
		12767C511C33AEA200193645 /* Debug */ = {
			isa = XCBuildConfiguration;
			buildSettings = {
				ALWAYS_SEARCH_USER_PATHS = NO;
				CLANG_CXX_LANGUAGE_STANDARD = "gnu++0x";
				CLANG_CXX_LIBRARY = "libc++";
				CLANG_ENABLE_MODULES = YES;
				CLANG_ENABLE_OBJC_ARC = YES;
				CLANG_WARN_BOOL_CONVERSION = YES;
				CLANG_WARN_CONSTANT_CONVERSION = YES;
				CLANG_WARN_DIRECT_OBJC_ISA_USAGE = YES_ERROR;
				CLANG_WARN_EMPTY_BODY = YES;
				CLANG_WARN_ENUM_CONVERSION = YES;
				CLANG_WARN_INFINITE_RECURSION = YES;
				CLANG_WARN_INT_CONVERSION = YES;
				CLANG_WARN_OBJC_ROOT_CLASS = YES_ERROR;
				CLANG_WARN_SUSPICIOUS_MOVE = YES;
				CLANG_WARN_UNREACHABLE_CODE = YES;
				CLANG_WARN__DUPLICATE_METHOD_MATCH = YES;
				"CODE_SIGN_IDENTITY[sdk=iphoneos*]" = "iPhone Developer";
				COPY_PHASE_STRIP = NO;
				DEBUG_INFORMATION_FORMAT = dwarf;
				ENABLE_STRICT_OBJC_MSGSEND = YES;
				ENABLE_TESTABILITY = YES;
				GCC_C_LANGUAGE_STANDARD = gnu99;
				GCC_DYNAMIC_NO_PIC = NO;
				GCC_NO_COMMON_BLOCKS = YES;
				GCC_OPTIMIZATION_LEVEL = 0;
				GCC_PREPROCESSOR_DEFINITIONS = (
					"DEBUG=1",
					"$(inherited)",
				);
				GCC_WARN_64_TO_32_BIT_CONVERSION = YES;
				GCC_WARN_ABOUT_RETURN_TYPE = YES_ERROR;
				GCC_WARN_UNDECLARED_SELECTOR = YES;
				GCC_WARN_UNINITIALIZED_AUTOS = YES_AGGRESSIVE;
				GCC_WARN_UNUSED_FUNCTION = YES;
				GCC_WARN_UNUSED_VARIABLE = YES;
				IPHONEOS_DEPLOYMENT_TARGET = 9.2;
				MTL_ENABLE_DEBUG_INFO = YES;
				ONLY_ACTIVE_ARCH = YES;
				SDKROOT = iphoneos;
				SWIFT_OPTIMIZATION_LEVEL = "-Onone";
			};
			name = Debug;
		};
		12767C521C33AEA200193645 /* Release */ = {
			isa = XCBuildConfiguration;
			buildSettings = {
				ALWAYS_SEARCH_USER_PATHS = NO;
				CLANG_CXX_LANGUAGE_STANDARD = "gnu++0x";
				CLANG_CXX_LIBRARY = "libc++";
				CLANG_ENABLE_MODULES = YES;
				CLANG_ENABLE_OBJC_ARC = YES;
				CLANG_WARN_BOOL_CONVERSION = YES;
				CLANG_WARN_CONSTANT_CONVERSION = YES;
				CLANG_WARN_DIRECT_OBJC_ISA_USAGE = YES_ERROR;
				CLANG_WARN_EMPTY_BODY = YES;
				CLANG_WARN_ENUM_CONVERSION = YES;
				CLANG_WARN_INFINITE_RECURSION = YES;
				CLANG_WARN_INT_CONVERSION = YES;
				CLANG_WARN_OBJC_ROOT_CLASS = YES_ERROR;
				CLANG_WARN_SUSPICIOUS_MOVE = YES;
				CLANG_WARN_UNREACHABLE_CODE = YES;
				CLANG_WARN__DUPLICATE_METHOD_MATCH = YES;
				"CODE_SIGN_IDENTITY[sdk=iphoneos*]" = "iPhone Developer";
				COPY_PHASE_STRIP = NO;
				DEBUG_INFORMATION_FORMAT = "dwarf-with-dsym";
				ENABLE_NS_ASSERTIONS = NO;
				ENABLE_STRICT_OBJC_MSGSEND = YES;
				GCC_C_LANGUAGE_STANDARD = gnu99;
				GCC_NO_COMMON_BLOCKS = YES;
				GCC_WARN_64_TO_32_BIT_CONVERSION = YES;
				GCC_WARN_ABOUT_RETURN_TYPE = YES_ERROR;
				GCC_WARN_UNDECLARED_SELECTOR = YES;
				GCC_WARN_UNINITIALIZED_AUTOS = YES_AGGRESSIVE;
				GCC_WARN_UNUSED_FUNCTION = YES;
				GCC_WARN_UNUSED_VARIABLE = YES;
				IPHONEOS_DEPLOYMENT_TARGET = 9.2;
				MTL_ENABLE_DEBUG_INFO = NO;
				SDKROOT = iphoneos;
				SWIFT_OPTIMIZATION_LEVEL = "-Owholemodule";
				VALIDATE_PRODUCT = YES;
			};
			name = Release;
		};
		12767C541C33AEA200193645 /* Debug */ = {
			isa = XCBuildConfiguration;
			buildSettings = {
				ALWAYS_EMBED_SWIFT_STANDARD_LIBRARIES = YES;
				ASSETCATALOG_COMPILER_APPICON_NAME = AppIcon;
				CODE_SIGN_IDENTITY = "iPhone Developer";
				"CODE_SIGN_IDENTITY[sdk=iphoneos*]" = "iPhone Developer";
				EMBEDDED_CONTENT_CONTAINS_SWIFT = YES;
				INFOPLIST_FILE = RainbowNavigationSample/Info.plist;
				IPHONEOS_DEPLOYMENT_TARGET = 8.0;
				LD_RUNPATH_SEARCH_PATHS = "$(inherited) @executable_path/Frameworks";
				PRODUCT_BUNDLE_IDENTIFIER = com.danisme.RainbowNavigationSample;
				PRODUCT_NAME = "$(TARGET_NAME)";
				PROVISIONING_PROFILE = "";
				SWIFT_VERSION = 5.0;
			};
			name = Debug;
		};
		12767C551C33AEA200193645 /* Release */ = {
			isa = XCBuildConfiguration;
			buildSettings = {
				ALWAYS_EMBED_SWIFT_STANDARD_LIBRARIES = YES;
				ASSETCATALOG_COMPILER_APPICON_NAME = AppIcon;
				CODE_SIGN_IDENTITY = "iPhone Developer";
				"CODE_SIGN_IDENTITY[sdk=iphoneos*]" = "iPhone Developer";
				EMBEDDED_CONTENT_CONTAINS_SWIFT = YES;
				INFOPLIST_FILE = RainbowNavigationSample/Info.plist;
				IPHONEOS_DEPLOYMENT_TARGET = 8.0;
				LD_RUNPATH_SEARCH_PATHS = "$(inherited) @executable_path/Frameworks";
				PRODUCT_BUNDLE_IDENTIFIER = com.danisme.RainbowNavigationSample;
				PRODUCT_NAME = "$(TARGET_NAME)";
				PROVISIONING_PROFILE = "";
				SWIFT_VERSION = 5.0;
			};
			name = Release;
		};
		12767C651C33AEB200193645 /* Debug */ = {
			isa = XCBuildConfiguration;
			buildSettings = {
				CLANG_ENABLE_MODULES = YES;
				"CODE_SIGN_IDENTITY[sdk=iphoneos*]" = "";
				CURRENT_PROJECT_VERSION = 1;
				DEFINES_MODULE = YES;
				DYLIB_COMPATIBILITY_VERSION = 1;
				DYLIB_CURRENT_VERSION = 1;
				DYLIB_INSTALL_NAME_BASE = "@rpath";
				INFOPLIST_FILE = RainbowNavigation/Info.plist;
				INSTALL_PATH = "$(LOCAL_LIBRARY_DIR)/Frameworks";
				IPHONEOS_DEPLOYMENT_TARGET = 8.0;
				LD_RUNPATH_SEARCH_PATHS = "$(inherited) @executable_path/Frameworks @loader_path/Frameworks";
				PRODUCT_BUNDLE_IDENTIFIER = com.danis.RainbowNavigation;
				PRODUCT_NAME = "$(TARGET_NAME)";
				SKIP_INSTALL = YES;
				SWIFT_OPTIMIZATION_LEVEL = "-Onone";
				SWIFT_VERSION = 5.0;
				TARGETED_DEVICE_FAMILY = "1,2";
				VERSIONING_SYSTEM = "apple-generic";
				VERSION_INFO_PREFIX = "";
			};
			name = Debug;
		};
		12767C661C33AEB200193645 /* Release */ = {
			isa = XCBuildConfiguration;
			buildSettings = {
				CLANG_ENABLE_MODULES = YES;
				"CODE_SIGN_IDENTITY[sdk=iphoneos*]" = "";
				CURRENT_PROJECT_VERSION = 1;
				DEFINES_MODULE = YES;
				DYLIB_COMPATIBILITY_VERSION = 1;
				DYLIB_CURRENT_VERSION = 1;
				DYLIB_INSTALL_NAME_BASE = "@rpath";
				INFOPLIST_FILE = RainbowNavigation/Info.plist;
				INSTALL_PATH = "$(LOCAL_LIBRARY_DIR)/Frameworks";
				IPHONEOS_DEPLOYMENT_TARGET = 8.0;
				LD_RUNPATH_SEARCH_PATHS = "$(inherited) @executable_path/Frameworks @loader_path/Frameworks";
				PRODUCT_BUNDLE_IDENTIFIER = com.danis.RainbowNavigation;
				PRODUCT_NAME = "$(TARGET_NAME)";
				SKIP_INSTALL = YES;
				SWIFT_VERSION = 5.0;
				TARGETED_DEVICE_FAMILY = "1,2";
				VERSIONING_SYSTEM = "apple-generic";
				VERSION_INFO_PREFIX = "";
			};
			name = Release;
		};
/* End XCBuildConfiguration section */

/* Begin XCConfigurationList section */
		12767C3C1C33AEA100193645 /* Build configuration list for PBXProject "RainbowNavigationSample" */ = {
			isa = XCConfigurationList;
			buildConfigurations = (
				12767C511C33AEA200193645 /* Debug */,
				12767C521C33AEA200193645 /* Release */,
			);
			defaultConfigurationIsVisible = 0;
			defaultConfigurationName = Release;
		};
		12767C531C33AEA200193645 /* Build configuration list for PBXNativeTarget "RainbowNavigationSample" */ = {
			isa = XCConfigurationList;
			buildConfigurations = (
				12767C541C33AEA200193645 /* Debug */,
				12767C551C33AEA200193645 /* Release */,
			);
			defaultConfigurationIsVisible = 0;
			defaultConfigurationName = Release;
		};
		12767C641C33AEB200193645 /* Build configuration list for PBXNativeTarget "RainbowNavigation" */ = {
			isa = XCConfigurationList;
			buildConfigurations = (
				12767C651C33AEB200193645 /* Debug */,
				12767C661C33AEB200193645 /* Release */,
			);
			defaultConfigurationIsVisible = 0;
			defaultConfigurationName = Release;
		};
/* End XCConfigurationList section */
	};
	rootObject = 12767C391C33AEA100193645 /* Project object */;
}
